// !$*UTF8*$!
{
	archiveVersion = 1;
	classes = {
	};
	objectVersion = 46;
	objects = {

/* Begin PBXBuildFile section */
		B222E3211E2EE28000CA0FB2 /* main.m in Sources */ = {isa = PBXBuildFile; fileRef = B222E3201E2EE28000CA0FB2 /* main.m */; };
		B222E3241E2EE28000CA0FB2 /* AppDelegate.m in Sources */ = {isa = PBXBuildFile; fileRef = B222E3231E2EE28000CA0FB2 /* AppDelegate.m */; };
		B222E3271E2EE28000CA0FB2 /* TipViewController.m in Sources */ = {isa = PBXBuildFile; fileRef = B222E3261E2EE28000CA0FB2 /* TipViewController.m */; };
		B222E32A1E2EE28000CA0FB2 /* Main.storyboard in Resources */ = {isa = PBXBuildFile; fileRef = B222E3281E2EE28000CA0FB2 /* Main.storyboard */; };
		B222E32C1E2EE28000CA0FB2 /* Assets.xcassets in Resources */ = {isa = PBXBuildFile; fileRef = B222E32B1E2EE28000CA0FB2 /* Assets.xcassets */; };
		B222E32F1E2EE28000CA0FB2 /* LaunchScreen.storyboard in Resources */ = {isa = PBXBuildFile; fileRef = B222E32D1E2EE28000CA0FB2 /* LaunchScreen.storyboard */; };
/* End PBXBuildFile section */

/* Begin PBXFileReference section */
		B222E31C1E2EE28000CA0FB2 /* TipCalculator.app */ = {isa = PBXFileReference; explicitFileType = wrapper.application; includeInIndex = 0; path = TipCalculator.app; sourceTree = BUILT_PRODUCTS_DIR; };
		B222E3201E2EE28000CA0FB2 /* main.m */ = {isa = PBXFileReference; lastKnownFileType = sourcecode.c.objc; path = main.m; sourceTree = "<group>"; };
		B222E3221E2EE28000CA0FB2 /* AppDelegate.h */ = {isa = PBXFileReference; lastKnownFileType = sourcecode.c.h; path = AppDelegate.h; sourceTree = "<group>"; };
		B222E3231E2EE28000CA0FB2 /* AppDelegate.m */ = {isa = PBXFileReference; lastKnownFileType = sourcecode.c.objc; path = AppDelegate.m; sourceTree = "<group>"; };
		B222E3251E2EE28000CA0FB2 /* TipViewController.h */ = {isa = PBXFileReference; lastKnownFileType = sourcecode.c.h; path = TipViewController.h; sourceTree = "<group>"; };
		B222E3261E2EE28000CA0FB2 /* TipViewController.m */ = {isa = PBXFileReference; lastKnownFileType = sourcecode.c.objc; path = TipViewController.m; sourceTree = "<group>"; };
		B222E3291E2EE28000CA0FB2 /* Base */ = {isa = PBXFileReference; lastKnownFileType = file.storyboard; name = Base; path = Base.lproj/Main.storyboard; sourceTree = "<group>"; };
		B222E32B1E2EE28000CA0FB2 /* Assets.xcassets */ = {isa = PBXFileReference; lastKnownFileType = folder.assetcatalog; path = Assets.xcassets; sourceTree = "<group>"; };
		B222E32E1E2EE28000CA0FB2 /* Base */ = {isa = PBXFileReference; lastKnownFileType = file.storyboard; name = Base; path = Base.lproj/LaunchScreen.storyboard; sourceTree = "<group>"; };
		B222E3301E2EE28000CA0FB2 /* Info.plist */ = {isa = PBXFileReference; lastKnownFileType = text.plist.xml; path = Info.plist; sourceTree = "<group>"; };
/* End PBXFileReference section */

/* Begin PBXFrameworksBuildPhase section */
		B222E3191E2EE28000CA0FB2 /* Frameworks */ = {
			isa = PBXFrameworksBuildPhase;
			buildActionMask = 2147483647;
			files = (
			);
			runOnlyForDeploymentPostprocessing = 0;
		};
/* End PBXFrameworksBuildPhase section */

/* Begin PBXGroup section */
		B222E3131E2EE28000CA0FB2 = {
			isa = PBXGroup;
			children = (
				B222E31E1E2EE28000CA0FB2 /* TipCalculator */,
				B222E31D1E2EE28000CA0FB2 /* Products */,
			);
			sourceTree = "<group>";
		};
		B222E31D1E2EE28000CA0FB2 /* Products */ = {
			isa = PBXGroup;
			children = (
				B222E31C1E2EE28000CA0FB2 /* TipCalculator.app */,
			);
			name = Products;
			sourceTree = "<group>";
		};
		B222E31E1E2EE28000CA0FB2 /* TipCalculator */ = {
			isa = PBXGroup;
			children = (
				B222E3221E2EE28000CA0FB2 /* AppDelegate.h */,
				B222E3231E2EE28000CA0FB2 /* AppDelegate.m */,
				B222E3251E2EE28000CA0FB2 /* TipViewController.h */,
				B222E3261E2EE28000CA0FB2 /* TipViewController.m */,
				B222E3281E2EE28000CA0FB2 /* Main.storyboard */,
				B222E32B1E2EE28000CA0FB2 /* Assets.xcassets */,
				B222E32D1E2EE28000CA0FB2 /* LaunchScreen.storyboard */,
				B222E3301E2EE28000CA0FB2 /* Info.plist */,
				B222E31F1E2EE28000CA0FB2 /* Supporting Files */,
			);
			path = TipCalculator;
			sourceTree = "<group>";
		};
		B222E31F1E2EE28000CA0FB2 /* Supporting Files */ = {
			isa = PBXGroup;
			children = (
				B222E3201E2EE28000CA0FB2 /* main.m */,
			);
			name = "Supporting Files";
			sourceTree = "<group>";
		};
/* End PBXGroup section */

/* Begin PBXNativeTarget section */
		B222E31B1E2EE28000CA0FB2 /* TipCalculator */ = {
			isa = PBXNativeTarget;
			buildConfigurationList = B222E3331E2EE28000CA0FB2 /* Build configuration list for PBXNativeTarget "TipCalculator" */;
			buildPhases = (
				B222E3181E2EE28000CA0FB2 /* Sources */,
				B222E3191E2EE28000CA0FB2 /* Frameworks */,
				B222E31A1E2EE28000CA0FB2 /* Resources */,
			);
			buildRules = (
			);
			dependencies = (
			);
			name = TipCalculator;
			productName = TipCalculator;
			productReference = B222E31C1E2EE28000CA0FB2 /* TipCalculator.app */;
			productType = "com.apple.product-type.application";
		};
/* End PBXNativeTarget section */

/* Begin PBXProject section */
		B222E3141E2EE28000CA0FB2 /* Project object */ = {
			isa = PBXProject;
			attributes = {
				LastUpgradeCheck = 0820;
				ORGANIZATIONNAME = "Steve Carlson";
				TargetAttributes = {
					B222E31B1E2EE28000CA0FB2 = {
						CreatedOnToolsVersion = 8.2.1;
						ProvisioningStyle = Automatic;
					};
				};
			};
			buildConfigurationList = B222E3171E2EE28000CA0FB2 /* Build configuration list for PBXProject "TipCalculator" */;
			compatibilityVersion = "Xcode 3.2";
			developmentRegion = English;
			hasScannedForEncodings = 0;
			knownRegions = (
				en,
				Base,
			);
			mainGroup = B222E3131E2EE28000CA0FB2;
			productRefGroup = B222E31D1E2EE28000CA0FB2 /* Products */;
			projectDirPath = "";
			projectRoot = "";
			targets = (
				B222E31B1E2EE28000CA0FB2 /* TipCalculator */,
			);
		};
/* End PBXProject section */

/* Begin PBXResourcesBuildPhase section */
		B222E31A1E2EE28000CA0FB2 /* Resources */ = {
			isa = PBXResourcesBuildPhase;
			buildActionMask = 2147483647;
			files = (
				B222E32F1E2EE28000CA0FB2 /* LaunchScreen.storyboard in Resources */,
				B222E32C1E2EE28000CA0FB2 /* Assets.xcassets in Resources */,
				B222E32A1E2EE28000CA0FB2 /* Main.storyboard in Resources */,
			);
			runOnlyForDeploymentPostprocessing = 0;
		};
/* End PBXResourcesBuildPhase section */

/* Begin PBXSourcesBuildPhase section */
		B222E3181E2EE28000CA0FB2 /* Sources */ = {
			isa = PBXSourcesBuildPhase;
			buildActionMask = 2147483647;
			files = (
				B222E3271E2EE28000CA0FB2 /* TipViewController.m in Sources */,
				B222E3241E2EE28000CA0FB2 /* AppDelegate.m in Sources */,
				B222E3211E2EE28000CA0FB2 /* main.m in Sources */,
			);
			runOnlyForDeploymentPostprocessing = 0;
		};
/* End PBXSourcesBuildPhase section */

/* Begin PBXVariantGroup section */
		B222E3281E2EE28000CA0FB2 /* Main.storyboard */ = {
			isa = PBXVariantGroup;
			children = (
				B222E3291E2EE28000CA0FB2 /* Base */,
			);
			name = Main.storyboard;
			sourceTree = "<group>";
		};
		B222E32D1E2EE28000CA0FB2 /* LaunchScreen.storyboard */ = {
			isa = PBXVariantGroup;
			children = (
				B222E32E1E2EE28000CA0FB2 /* Base */,
			);
			name = LaunchScreen.storyboard;
			sourceTree = "<group>";
		};
/* End PBXVariantGroup section */

/* Begin XCBuildConfiguration section */
		B222E3311E2EE28000CA0FB2 /* Debug */ = {
			isa = XCBuildConfiguration;
			buildSettings = {
				ALWAYS_SEARCH_USER_PATHS = NO;
				CLANG_ANALYZER_NONNULL = YES;
				CLANG_CXX_LANGUAGE_STANDARD = "gnu++0x";
				CLANG_CXX_LIBRARY = "libc++";
				CLANG_ENABLE_MODULES = YES;
				CLANG_ENABLE_OBJC_ARC = YES;
				CLANG_WARN_BOOL_CONVERSION = YES;
				CLANG_WARN_CONSTANT_CONVERSION = YES;
				CLANG_WARN_DIRECT_OBJC_ISA_USAGE = YES_ERROR;
				CLANG_WARN_DOCUMENTATION_COMMENTS = YES;
				CLANG_WARN_EMPTY_BODY = YES;
				CLANG_WARN_ENUM_CONVERSION = YES;
				CLANG_WARN_INFINITE_RECURSION = YES;
				CLANG_WARN_INT_CONVERSION = YES;
				CLANG_WARN_OBJC_ROOT_CLASS = YES_ERROR;
				CLANG_WARN_SUSPICIOUS_MOVE = YES;
				CLANG_WARN_UNREACHABLE_CODE = YES;
				CLANG_WARN__DUPLICATE_METHOD_MATCH = YES;
				"CODE_SIGN_IDENTITY[sdk=iphoneos*]" = "iPhone Developer";
				COPY_PHASE_STRIP = NO;
				DEBUG_INFORMATION_FORMAT = dwarf;
				ENABLE_STRICT_OBJC_MSGSEND = YES;
				ENABLE_TESTABILITY = YES;
				GCC_C_LANGUAGE_STANDARD = gnu99;
				GCC_DYNAMIC_NO_PIC = NO;
				GCC_NO_COMMON_BLOCKS = YES;
				GCC_OPTIMIZATION_LEVEL = 0;
				GCC_PREPROCESSOR_DEFINITIONS = (
					"DEBUG=1",
					"$(inherited)",
				);
				GCC_WARN_64_TO_32_BIT_CONVERSION = YES;
				GCC_WARN_ABOUT_RETURN_TYPE = YES_ERROR;
				GCC_WARN_UNDECLARED_SELECTOR = YES;
				GCC_WARN_UNINITIALIZED_AUTOS = YES_AGGRESSIVE;
				GCC_WARN_UNUSED_FUNCTION = YES;
				GCC_WARN_UNUSED_VARIABLE = YES;
				IPHONEOS_DEPLOYMENT_TARGET = 10.2;
				MTL_ENABLE_DEBUG_INFO = YES;
				ONLY_ACTIVE_ARCH = YES;
				SDKROOT = iphoneos;
				TARGETED_DEVICE_FAMILY = "1,2";
			};
			name = Debug;
		};
		B222E3321E2EE28000CA0FB2 /* Release */ = {
			isa = XCBuildConfiguration;
			buildSettings = {
				ALWAYS_SEARCH_USER_PATHS = NO;
				CLANG_ANALYZER_NONNULL = YES;
				CLANG_CXX_LANGUAGE_STANDARD = "gnu++0x";
				CLANG_CXX_LIBRARY = "libc++";
				CLANG_ENABLE_MODULES = YES;
				CLANG_ENABLE_OBJC_ARC = YES;
				CLANG_WARN_BOOL_CONVERSION = YES;
				CLANG_WARN_CONSTANT_CONVERSION = YES;
				CLANG_WARN_DIRECT_OBJC_ISA_USAGE = YES_ERROR;
				CLANG_WARN_DOCUMENTATION_COMMENTS = YES;
				CLANG_WARN_EMPTY_BODY = YES;
				CLANG_WARN_ENUM_CONVERSION = YES;
				CLANG_WARN_INFINITE_RECURSION = YES;
				CLANG_WARN_INT_CONVERSION = YES;
				CLANG_WARN_OBJC_ROOT_CLASS = YES_ERROR;
				CLANG_WARN_SUSPICIOUS_MOVE = YES;
				CLANG_WARN_UNREACHABLE_CODE = YES;
				CLANG_WARN__DUPLICATE_METHOD_MATCH = YES;
				"CODE_SIGN_IDENTITY[sdk=iphoneos*]" = "iPhone Developer";
				COPY_PHASE_STRIP = NO;
				DEBUG_INFORMATION_FORMAT = "dwarf-with-dsym";
				ENABLE_NS_ASSERTIONS = NO;
				ENABLE_STRICT_OBJC_MSGSEND = YES;
				GCC_C_LANGUAGE_STANDARD = gnu99;
				GCC_NO_COMMON_BLOCKS = YES;
				GCC_WARN_64_TO_32_BIT_CONVERSION = YES;
				GCC_WARN_ABOUT_RETURN_TYPE = YES_ERROR;
				GCC_WARN_UNDECLARED_SELECTOR = YES;
				GCC_WARN_UNINITIALIZED_AUTOS = YES_AGGRESSIVE;
				GCC_WARN_UNUSED_FUNCTION = YES;
				GCC_WARN_UNUSED_VARIABLE = YES;
				IPHONEOS_DEPLOYMENT_TARGET = 10.2;
				MTL_ENABLE_DEBUG_INFO = NO;
				SDKROOT = iphoneos;
				TARGETED_DEVICE_FAMILY = "1,2";
				VALIDATE_PRODUCT = YES;
			};
			name = Release;
		};
		B222E3341E2EE28000CA0FB2 /* Debug */ = {
			isa = XCBuildConfiguration;
			buildSettings = {
				ASSETCATALOG_COMPILER_APPICON_NAME = AppIcon;
				INFOPLIST_FILE = TipCalculator/Info.plist;
				LD_RUNPATH_SEARCH_PATHS = "$(inherited) @executable_path/Frameworks";
				PRODUCT_BUNDLE_IDENTIFIER = com.yahoo.TipCalculator;
				PRODUCT_NAME = "$(TARGET_NAME)";
			};
			name = Debug;
		};
		B222E3351E2EE28000CA0FB2 /* Release */ = {
			isa = XCBuildConfiguration;
			buildSettings = {
				ASSETCATALOG_COMPILER_APPICON_NAME = AppIcon;
				INFOPLIST_FILE = TipCalculator/Info.plist;
				LD_RUNPATH_SEARCH_PATHS = "$(inherited) @executable_path/Frameworks";
				PRODUCT_BUNDLE_IDENTIFIER = com.yahoo.TipCalculator;
				PRODUCT_NAME = "$(TARGET_NAME)";
			};
			name = Release;
		};
/* End XCBuildConfiguration section */

/* Begin XCConfigurationList section */
		B222E3171E2EE28000CA0FB2 /* Build configuration list for PBXProject "TipCalculator" */ = {
			isa = XCConfigurationList;
			buildConfigurations = (
				B222E3311E2EE28000CA0FB2 /* Debug */,
				B222E3321E2EE28000CA0FB2 /* Release */,
			);
			defaultConfigurationIsVisible = 0;
			defaultConfigurationName = Release;
		};
		B222E3331E2EE28000CA0FB2 /* Build configuration list for PBXNativeTarget "TipCalculator" */ = {
			isa = XCConfigurationList;
			buildConfigurations = (
				B222E3341E2EE28000CA0FB2 /* Debug */,
				B222E3351E2EE28000CA0FB2 /* Release */,
			);
			defaultConfigurationIsVisible = 0;
		};
/* End XCConfigurationList section */
	};
	rootObject = B222E3141E2EE28000CA0FB2 /* Project object */;
}
